lockfileVersion: '9.0'

settings:
  autoInstallPeers: true
  excludeLinksFromLockfile: false

importers:

  .:
    dependencies:
      axios:
        specifier: 0.21.1
        version: 0.21.1
      growl:
        specifier: 1.9.2
        version: 1.9.2
      marked:
        specifier: 0.3.6
        version: 0.3.6

packages:

  axios@0.21.1:
    resolution: {integrity: sha512-dKQiRHxGD9PPRIUNIWvZhPTPpl1rf/OxTYKsqKUDjBwYylTvV7SjSHJb9ratfyzM6wCdLCOYLzs73qpg5c4iGA==}

  follow-redirects@1.15.9:
    resolution: {integrity: sha512-gew4GsXizNgdoRyqmyfMHyAmXsZDk6mHkSxZFCzW9gwlbtOW44CDtYavM+y+72qD/Vq2l550kMF52DT8fOLJqQ==}
    engines: {node: '>=4.0'}
    peerDependencies:
      debug: '*'
    peerDependenciesMeta:
      debug:
        optional: true

  growl@1.9.2:
    resolution: {integrity: sha512-RTBwDHhNuOx4F0hqzItc/siXCasGfC4DeWcBamclWd+6jWtBaeB/SGbMkGf0eiQoW7ib8JpvOgnUsmgMHI3Mfw==}

  marked@0.3.6:
    resolution: {integrity: sha512-gE75oL01YUIxaBqgeGBuNNd8u0L+H1N6xeW/s+O57o5EC31aPX1M1lD4W9eGyHFJGTwOgMkqzYODZ4yp5w20gQ==}
    hasBin: true

snapshots:

  axios@0.21.1:
    dependencies:
      follow-redirects: 1.15.9
    transitivePeerDependencies:
      - debug

  follow-redirects@1.15.9: {}

  growl@1.9.2: {}

  marked@0.3.6: {}
